
Microsoft Visual Studio Solution File, Format Version 12.00
# Visual Studio Version 17
VisualStudioVersion = 17.0.31903.59
MinimumVisualStudioVersion = 10.0.40219.1
Project("{FAE04EC0-301F-11D3-BF4B-00C04F79EFBC}") = "ModelMappingClass", "ModelMappingClass\ModelMappingClass.csproj", "{F96D0A89-E294-443B-8F96-89C56ECDF897}"
EndProject
Project("{FAE04EC0-301F-11D3-BF4B-00C04F79EFBC}") = "ModelMappingClass.Tests", "ModelMappingClass.Tests\ModelMappingClass.Tests.csproj", "{12B77784-40FD-4954-A6AE-813ED5A5E687}"
EndProject
Project("{FAE04EC0-301F-11D3-BF4B-00C04F79EFBC}") = "ModelMappingClass.NetFramework", "ModelMappingClass.NetFramework\ModelMappingClass.NetFramework.csproj", "{B7890BCB-F115-4318-BDB0-594D874DB585}"
EndProject
Global
	GlobalSection(SolutionConfigurationPlatforms) = preSolution
		Debug|Any CPU = Debug|Any CPU
		Release|Any CPU = Release|Any CPU
	EndGlobalSection
	GlobalSection(SolutionProperties) = preSolution
		HideSolutionNode = FALSE
	EndGlobalSection
	GlobalSection(ProjectConfigurationPlatforms) = postSolution
		{F96D0A89-E294-443B-8F96-89C56ECDF897}.Debug|Any CPU.ActiveCfg = Debug|Any CPU
		{F96D0A89-E294-443B-8F96-89C56ECDF897}.Debug|Any CPU.Build.0 = Debug|Any CPU
		{F96D0A89-E294-443B-8F96-89C56ECDF897}.Release|Any CPU.ActiveCfg = Release|Any CPU
		{F96D0A89-E294-443B-8F96-89C56ECDF897}.Release|Any CPU.Build.0 = Release|Any CPU
		{12B77784-40FD-4954-A6AE-813ED5A5E687}.Debug|Any CPU.ActiveCfg = Debug|Any CPU
		{12B77784-40FD-4954-A6AE-813ED5A5E687}.Debug|Any CPU.Build.0 = Debug|Any CPU
		{12B77784-40FD-4954-A6AE-813ED5A5E687}.Release|Any CPU.ActiveCfg = Release|Any CPU
		{12B77784-40FD-4954-A6AE-813ED5A5E687}.Release|Any CPU.Build.0 = Release|Any CPU
		{B7890BCB-F115-4318-BDB0-594D874DB585}.Debug|Any CPU.ActiveCfg = Debug|Any CPU
		{B7890BCB-F115-4318-BDB0-594D874DB585}.Debug|Any CPU.Build.0 = Debug|Any CPU
		{B7890BCB-F115-4318-BDB0-594D874DB585}.Release|Any CPU.ActiveCfg = Release|Any CPU
		{B7890BCB-F115-4318-BDB0-594D874DB585}.Release|Any CPU.Build.0 = Release|Any CPU
	EndGlobalSection
EndGlobal
